
Microsoft Visual Studio Solution File, Format Version 12.00
# Visual Studio 15
VisualStudioVersion = 15.0.27703.2042
MinimumVisualStudioVersion = 10.0.40219.1
Project("{FAE04EC0-301F-11D3-BF4B-00C04F79EFBC}") = "WebAppForAzure", "WebAppForAzure\WebAppForAzure.csproj", "{B696E373-6F7A-44C1-B9B3-BAE5D19E1F19}"
EndProject
Global
	GlobalSection(SolutionConfigurationPlatforms) = preSolution
		Debug|Any CPU = Debug|Any CPU
		Release|Any CPU = Release|Any CPU
	EndGlobalSection
	GlobalSection(ProjectConfigurationPlatforms) = postSolution
		{B696E373-6F7A-44C1-B9B3-BAE5D19E1F19}.Debug|Any CPU.ActiveCfg = Debug|Any CPU
		{B696E373-6F7A-44C1-B9B3-BAE5D19E1F19}.Debug|Any CPU.Build.0 = Debug|Any CPU
		{B696E373-6F7A-44C1-B9B3-BAE5D19E1F19}.Release|Any CPU.ActiveCfg = Release|Any CPU
		{B696E373-6F7A-44C1-B9B3-BAE5D19E1F19}.Release|Any CPU.Build.0 = Release|Any CPU
	EndGlobalSection
	GlobalSection(SolutionProperties) = preSolution
		HideSolutionNode = FALSE
	EndGlobalSection
	GlobalSection(ExtensibilityGlobals) = postSolution
		SolutionGuid = {601C4125-7D9B-47A8-B594-B00E9A01CC28}
	EndGlobalSection
EndGlobal
